
Microsoft Visual Studio Solution File, Format Version 10.00
# Visual Studio 2008
Project("{FAE04EC0-301F-11D3-BF4B-00C04F79EFBC}") = "IThemeSky.ThemesRobot", "IThemeSky.ThemesRobot\IThemeSky.ThemesRobot.csproj", "{5CA66436-A61C-404C-B1D8-AFB0ADC43596}"
EndProject
Project("{FAE04EC0-301F-11D3-BF4B-00C04F79EFBC}") = "IThemeSky.DataAccess", "IThemeSky.DataAccess\IThemeSky.DataAccess.csproj", "{6990CB04-9764-4BBC-94A5-F9E95DF41E30}"
EndProject
Project("{FAE04EC0-301F-11D3-BF4B-00C04F79EFBC}") = "IThemeSky.Model", "IThemeSky.Model\IThemeSky.Model.csproj", "{7F4BD5DA-2315-4E2E-982D-8AF1D66D10BB}"
EndProject
Project("{FAE04EC0-301F-11D3-BF4B-00C04F79EFBC}") = "IThemeSky.Library", "IThemeSky.Library\IThemeSky.Library.csproj", "{D3ED2D0D-0575-4135-923D-3EC8AD32CFB9}"
EndProject
Project("{FAE04EC0-301F-11D3-BF4B-00C04F79EFBC}") = "IThemeSky.DataAccess.Tests", "IThemeSky.DataAccessTest\IThemeSky.DataAccess.Tests.csproj", "{66155BAD-805E-45D2-A843-0C1E1283E9C6}"
EndProject
Project("{2150E333-8FDC-42A3-9474-1A3956D46DE8}") = "Solution Items", "Solution Items", "{3201EE29-5988-4D51-962B-ACD4E18151A2}"
	ProjectSection(SolutionItems) = preProject
		IThemeSky.vsmdi = IThemeSky.vsmdi
		LocalTestRun.testrunconfig = LocalTestRun.testrunconfig
	EndProjectSection
EndProject
Project("{FAE04EC0-301F-11D3-BF4B-00C04F79EFBC}") = "IThemeSky.UI", "IThemeSky.UI\IThemeSky.UI.csproj", "{3A922630-E061-4D5A-9690-80E63A8D5D96}"
EndProject
Project("{FAE04EC0-301F-11D3-BF4B-00C04F79EFBC}") = "IThemeSky.UI.Tests", "IThemeSky.UI.Tests\IThemeSky.UI.Tests.csproj", "{DF379240-588B-442E-9E1F-77013D54232E}"
EndProject
Project("{FAE04EC0-301F-11D3-BF4B-00C04F79EFBC}") = "IThemeSky.Management.UI", "IThemeSky.Management.UI\IThemeSky.Management.UI.csproj", "{14956003-A4A7-43BD-AB17-9354A7B810F1}"
EndProject
Global
	GlobalSection(TestCaseManagementSettings) = postSolution
		CategoryFile = IThemeSky.vsmdi
	EndGlobalSection
	GlobalSection(SolutionConfigurationPlatforms) = preSolution
		Debug|Any CPU = Debug|Any CPU
		Release|Any CPU = Release|Any CPU
	EndGlobalSection
	GlobalSection(ProjectConfigurationPlatforms) = postSolution
		{5CA66436-A61C-404C-B1D8-AFB0ADC43596}.Debug|Any CPU.ActiveCfg = Debug|Any CPU
		{5CA66436-A61C-404C-B1D8-AFB0ADC43596}.Debug|Any CPU.Build.0 = Debug|Any CPU
		{5CA66436-A61C-404C-B1D8-AFB0ADC43596}.Release|Any CPU.ActiveCfg = Release|Any CPU
		{5CA66436-A61C-404C-B1D8-AFB0ADC43596}.Release|Any CPU.Build.0 = Release|Any CPU
		{6990CB04-9764-4BBC-94A5-F9E95DF41E30}.Debug|Any CPU.ActiveCfg = Debug|Any CPU
		{6990CB04-9764-4BBC-94A5-F9E95DF41E30}.Debug|Any CPU.Build.0 = Debug|Any CPU
		{6990CB04-9764-4BBC-94A5-F9E95DF41E30}.Release|Any CPU.ActiveCfg = Release|Any CPU
		{6990CB04-9764-4BBC-94A5-F9E95DF41E30}.Release|Any CPU.Build.0 = Release|Any CPU
		{7F4BD5DA-2315-4E2E-982D-8AF1D66D10BB}.Debug|Any CPU.ActiveCfg = Debug|Any CPU
		{7F4BD5DA-2315-4E2E-982D-8AF1D66D10BB}.Debug|Any CPU.Build.0 = Debug|Any CPU
		{7F4BD5DA-2315-4E2E-982D-8AF1D66D10BB}.Release|Any CPU.ActiveCfg = Release|Any CPU
		{7F4BD5DA-2315-4E2E-982D-8AF1D66D10BB}.Release|Any CPU.Build.0 = Release|Any CPU
		{D3ED2D0D-0575-4135-923D-3EC8AD32CFB9}.Debug|Any CPU.ActiveCfg = Debug|Any CPU
		{D3ED2D0D-0575-4135-923D-3EC8AD32CFB9}.Debug|Any CPU.Build.0 = Debug|Any CPU
		{D3ED2D0D-0575-4135-923D-3EC8AD32CFB9}.Release|Any CPU.ActiveCfg = Release|Any CPU
		{D3ED2D0D-0575-4135-923D-3EC8AD32CFB9}.Release|Any CPU.Build.0 = Release|Any CPU
		{66155BAD-805E-45D2-A843-0C1E1283E9C6}.Debug|Any CPU.ActiveCfg = Debug|Any CPU
		{66155BAD-805E-45D2-A843-0C1E1283E9C6}.Debug|Any CPU.Build.0 = Debug|Any CPU
		{66155BAD-805E-45D2-A843-0C1E1283E9C6}.Release|Any CPU.ActiveCfg = Release|Any CPU
		{66155BAD-805E-45D2-A843-0C1E1283E9C6}.Release|Any CPU.Build.0 = Release|Any CPU
		{3A922630-E061-4D5A-9690-80E63A8D5D96}.Debug|Any CPU.ActiveCfg = Debug|Any CPU
		{3A922630-E061-4D5A-9690-80E63A8D5D96}.Debug|Any CPU.Build.0 = Debug|Any CPU
		{3A922630-E061-4D5A-9690-80E63A8D5D96}.Release|Any CPU.ActiveCfg = Release|Any CPU
		{3A922630-E061-4D5A-9690-80E63A8D5D96}.Release|Any CPU.Build.0 = Release|Any CPU
		{DF379240-588B-442E-9E1F-77013D54232E}.Debug|Any CPU.ActiveCfg = Debug|Any CPU
		{DF379240-588B-442E-9E1F-77013D54232E}.Debug|Any CPU.Build.0 = Debug|Any CPU
		{DF379240-588B-442E-9E1F-77013D54232E}.Release|Any CPU.ActiveCfg = Release|Any CPU
		{DF379240-588B-442E-9E1F-77013D54232E}.Release|Any CPU.Build.0 = Release|Any CPU
		{14956003-A4A7-43BD-AB17-9354A7B810F1}.Debug|Any CPU.ActiveCfg = Debug|Any CPU
		{14956003-A4A7-43BD-AB17-9354A7B810F1}.Debug|Any CPU.Build.0 = Debug|Any CPU
		{14956003-A4A7-43BD-AB17-9354A7B810F1}.Release|Any CPU.ActiveCfg = Release|Any CPU
		{14956003-A4A7-43BD-AB17-9354A7B810F1}.Release|Any CPU.Build.0 = Release|Any CPU
	EndGlobalSection
	GlobalSection(SolutionProperties) = preSolution
		HideSolutionNode = FALSE
	EndGlobalSection
EndGlobal
