
Microsoft Visual Studio Solution File, Format Version 10.00
# Visual Studio 2008
Project("{FAE04EC0-301F-11D3-BF4B-00C04F79EFBC}") = "IThemeSky.UI", "IThemeSky.UI\IThemeSky.UI.csproj", "{3A922630-E061-4D5A-9690-80E63A8D5D96}"
EndProject
Project("{FAE04EC0-301F-11D3-BF4B-00C04F79EFBC}") = "IThemeSky.UI.Tests", "IThemeSky.UI.Tests\IThemeSky.UI.Tests.csproj", "{DF379240-588B-442E-9E1F-77013D54232E}"
EndProject
Project("{FAE04EC0-301F-11D3-BF4B-00C04F79EFBC}") = "IThemeSky.Management", "IThemeSky.Management\IThemeSky.Management.csproj", "{1DCDFC99-AC25-4F1B-A51D-6A715E300DCC}"
EndProject
Project("{FAE04EC0-301F-11D3-BF4B-00C04F79EFBC}") = "IThemeSky.WebControls", "IThemeSky.WebControls\IThemeSky.WebControls.csproj", "{0F038EDA-7B96-4462-BBAB-171249DB3C89}"
EndProject
Project("{FAE04EC0-301F-11D3-BF4B-00C04F79EFBC}") = "IThemeSky.Library", "IThemeSky.Library\IThemeSky.Library.csproj", "{D3ED2D0D-0575-4135-923D-3EC8AD32CFB9}"
EndProject
Project("{FAE04EC0-301F-11D3-BF4B-00C04F79EFBC}") = "IThemeSky.DataAccess", "IThemeSky.DataAccess\IThemeSky.DataAccess.csproj", "{6990CB04-9764-4BBC-94A5-F9E95DF41E30}"
EndProject
Project("{FAE04EC0-301F-11D3-BF4B-00C04F79EFBC}") = "IThemeSky.ThemesRobot", "IThemeSky.ThemesRobot\IThemeSky.ThemesRobot.csproj", "{5CA66436-A61C-404C-B1D8-AFB0ADC43596}"
EndProject
Project("{FAE04EC0-301F-11D3-BF4B-00C04F79EFBC}") = "IThemeSky.Model", "IThemeSky.Model\IThemeSky.Model.csproj", "{7F4BD5DA-2315-4E2E-982D-8AF1D66D10BB}"
EndProject
Project("{FAE04EC0-301F-11D3-BF4B-00C04F79EFBC}") = "IThemeSky.ReportService", "IThemeSky.ReportService\IThemeSky.ReportService.csproj", "{AD9F67F2-03DC-4230-AA56-511E96634A55}"
EndProject
Global
	GlobalSection(TestCaseManagementSettings) = postSolution
		CategoryFile = IThemeSky.vsmdi
	EndGlobalSection
	GlobalSection(SolutionConfigurationPlatforms) = preSolution
		Debug|Any CPU = Debug|Any CPU
		Release|Any CPU = Release|Any CPU
	EndGlobalSection
	GlobalSection(ProjectConfigurationPlatforms) = postSolution
		{3A922630-E061-4D5A-9690-80E63A8D5D96}.Debug|Any CPU.ActiveCfg = Debug|Any CPU
		{3A922630-E061-4D5A-9690-80E63A8D5D96}.Debug|Any CPU.Build.0 = Debug|Any CPU
		{3A922630-E061-4D5A-9690-80E63A8D5D96}.Release|Any CPU.ActiveCfg = Release|Any CPU
		{3A922630-E061-4D5A-9690-80E63A8D5D96}.Release|Any CPU.Build.0 = Release|Any CPU
		{DF379240-588B-442E-9E1F-77013D54232E}.Debug|Any CPU.ActiveCfg = Debug|Any CPU
		{DF379240-588B-442E-9E1F-77013D54232E}.Debug|Any CPU.Build.0 = Debug|Any CPU
		{DF379240-588B-442E-9E1F-77013D54232E}.Release|Any CPU.ActiveCfg = Release|Any CPU
		{DF379240-588B-442E-9E1F-77013D54232E}.Release|Any CPU.Build.0 = Release|Any CPU
		{1DCDFC99-AC25-4F1B-A51D-6A715E300DCC}.Debug|Any CPU.ActiveCfg = Debug|Any CPU
		{1DCDFC99-AC25-4F1B-A51D-6A715E300DCC}.Debug|Any CPU.Build.0 = Debug|Any CPU
		{1DCDFC99-AC25-4F1B-A51D-6A715E300DCC}.Release|Any CPU.ActiveCfg = Release|Any CPU
		{1DCDFC99-AC25-4F1B-A51D-6A715E300DCC}.Release|Any CPU.Build.0 = Release|Any CPU
		{0F038EDA-7B96-4462-BBAB-171249DB3C89}.Debug|Any CPU.ActiveCfg = Debug|Any CPU
		{0F038EDA-7B96-4462-BBAB-171249DB3C89}.Debug|Any CPU.Build.0 = Debug|Any CPU
		{0F038EDA-7B96-4462-BBAB-171249DB3C89}.Release|Any CPU.ActiveCfg = Release|Any CPU
		{0F038EDA-7B96-4462-BBAB-171249DB3C89}.Release|Any CPU.Build.0 = Release|Any CPU
		{D3ED2D0D-0575-4135-923D-3EC8AD32CFB9}.Debug|Any CPU.ActiveCfg = Debug|Any CPU
		{D3ED2D0D-0575-4135-923D-3EC8AD32CFB9}.Debug|Any CPU.Build.0 = Debug|Any CPU
		{D3ED2D0D-0575-4135-923D-3EC8AD32CFB9}.Release|Any CPU.ActiveCfg = Release|Any CPU
		{D3ED2D0D-0575-4135-923D-3EC8AD32CFB9}.Release|Any CPU.Build.0 = Release|Any CPU
		{6990CB04-9764-4BBC-94A5-F9E95DF41E30}.Debug|Any CPU.ActiveCfg = Debug|Any CPU
		{6990CB04-9764-4BBC-94A5-F9E95DF41E30}.Debug|Any CPU.Build.0 = Debug|Any CPU
		{6990CB04-9764-4BBC-94A5-F9E95DF41E30}.Release|Any CPU.ActiveCfg = Release|Any CPU
		{6990CB04-9764-4BBC-94A5-F9E95DF41E30}.Release|Any CPU.Build.0 = Release|Any CPU
		{5CA66436-A61C-404C-B1D8-AFB0ADC43596}.Debug|Any CPU.ActiveCfg = Debug|Any CPU
		{5CA66436-A61C-404C-B1D8-AFB0ADC43596}.Debug|Any CPU.Build.0 = Debug|Any CPU
		{5CA66436-A61C-404C-B1D8-AFB0ADC43596}.Release|Any CPU.ActiveCfg = Release|Any CPU
		{5CA66436-A61C-404C-B1D8-AFB0ADC43596}.Release|Any CPU.Build.0 = Release|Any CPU
		{7F4BD5DA-2315-4E2E-982D-8AF1D66D10BB}.Debug|Any CPU.ActiveCfg = Debug|Any CPU
		{7F4BD5DA-2315-4E2E-982D-8AF1D66D10BB}.Debug|Any CPU.Build.0 = Debug|Any CPU
		{7F4BD5DA-2315-4E2E-982D-8AF1D66D10BB}.Release|Any CPU.ActiveCfg = Release|Any CPU
		{7F4BD5DA-2315-4E2E-982D-8AF1D66D10BB}.Release|Any CPU.Build.0 = Release|Any CPU
		{AD9F67F2-03DC-4230-AA56-511E96634A55}.Debug|Any CPU.ActiveCfg = Debug|Any CPU
		{AD9F67F2-03DC-4230-AA56-511E96634A55}.Debug|Any CPU.Build.0 = Debug|Any CPU
		{AD9F67F2-03DC-4230-AA56-511E96634A55}.Release|Any CPU.ActiveCfg = Release|Any CPU
		{AD9F67F2-03DC-4230-AA56-511E96634A55}.Release|Any CPU.Build.0 = Release|Any CPU
	EndGlobalSection
	GlobalSection(SolutionProperties) = preSolution
		HideSolutionNode = FALSE
	EndGlobalSection
EndGlobal
